hash: 656d6d3a72f4430b0c274966ce74ec1d2ca1a411571455754d2b9bcc053bbf5f
updated: 2016-04-20T13:01:11.664945438-04:00
imports:
- name: github.com/moul/http2curl
  version: 1812aee76a1ce98d604a44200c6a23c689b17a89
- name: github.com/parnurzeal/gorequest
  version: 91b42fce877cc6af96c45818665a4c615cc5f4ee
- name: golang.org/x/net
  version: fb93926129b8ec0056f2f458b1f519654814edf0
  subpackages:
  - publicsuffix
devImports: []
